
Microsoft Visual Studio Solution File, Format Version 12.00
# Visual Studio Version 17
VisualStudioVersion = 17.11.35312.102
MinimumVisualStudioVersion = 10.0.40219.1
Project("{9A19103F-16F7-4668-BE54-9A1E7A4F7556}") = "BackCochera", "ClassLibrary1\BackCochera.csproj", "{4D4E5840-E9C0-428B-83DE-5BCEE549AC98}"
EndProject
Project("{9A19103F-16F7-4668-BE54-9A1E7A4F7556}") = "ApiClientes", "ApiClientes\ApiClientes.csproj", "{470EAECF-F3B4-447A-A82D-2A3B2CAFF575}"
	ProjectSection(ProjectDependencies) = postProject
		{4D4E5840-E9C0-428B-83DE-5BCEE549AC98} = {4D4E5840-E9C0-428B-83DE-5BCEE549AC98}
	EndProjectSection
EndProject
Project("{9A19103F-16F7-4668-BE54-9A1E7A4F7556}") = "ApiVehiculo", "ApiVehiculo\ApiVehiculo.csproj", "{172340CF-DDFD-458C-BA2C-6F0C6C59AB35}"
	ProjectSection(ProjectDependencies) = postProject
		{4D4E5840-E9C0-428B-83DE-5BCEE549AC98} = {4D4E5840-E9C0-428B-83DE-5BCEE549AC98}
	EndProjectSection
EndProject
Project("{9A19103F-16F7-4668-BE54-9A1E7A4F7556}") = "ApiFactura", "ApiFactura\ApiFactura.csproj", "{E1A15D87-F9C2-493D-A884-9F6C3C82BC0C}"
	ProjectSection(ProjectDependencies) = postProject
		{4D4E5840-E9C0-428B-83DE-5BCEE549AC98} = {4D4E5840-E9C0-428B-83DE-5BCEE549AC98}
	EndProjectSection
EndProject
Project("{9A19103F-16F7-4668-BE54-9A1E7A4F7556}") = "ApiAbonos", "ApiAbonos\ApiAbonos.csproj", "{FE668FFD-8C21-4289-A442-331A0972DABD}"
	ProjectSection(ProjectDependencies) = postProject
		{4D4E5840-E9C0-428B-83DE-5BCEE549AC98} = {4D4E5840-E9C0-428B-83DE-5BCEE549AC98}
	EndProjectSection
EndProject
Project("{FAE04EC0-301F-11D3-BF4B-00C04F79EFBC}") = "ApiLugares", "ApiLugares\ApiLugares.csproj", "{F5C74D36-7E09-42A8-8D0F-8204C378D42A}"
	ProjectSection(ProjectDependencies) = postProject
		{4D4E5840-E9C0-428B-83DE-5BCEE549AC98} = {4D4E5840-E9C0-428B-83DE-5BCEE549AC98}
	EndProjectSection
EndProject
Global
	GlobalSection(SolutionConfigurationPlatforms) = preSolution
		Debug|Any CPU = Debug|Any CPU
		Release|Any CPU = Release|Any CPU
	EndGlobalSection
	GlobalSection(ProjectConfigurationPlatforms) = postSolution
		{4D4E5840-E9C0-428B-83DE-5BCEE549AC98}.Debug|Any CPU.ActiveCfg = Debug|Any CPU
		{4D4E5840-E9C0-428B-83DE-5BCEE549AC98}.Debug|Any CPU.Build.0 = Debug|Any CPU
		{4D4E5840-E9C0-428B-83DE-5BCEE549AC98}.Release|Any CPU.ActiveCfg = Release|Any CPU
		{4D4E5840-E9C0-428B-83DE-5BCEE549AC98}.Release|Any CPU.Build.0 = Release|Any CPU
		{470EAECF-F3B4-447A-A82D-2A3B2CAFF575}.Debug|Any CPU.ActiveCfg = Debug|Any CPU
		{470EAECF-F3B4-447A-A82D-2A3B2CAFF575}.Debug|Any CPU.Build.0 = Debug|Any CPU
		{470EAECF-F3B4-447A-A82D-2A3B2CAFF575}.Release|Any CPU.ActiveCfg = Release|Any CPU
		{470EAECF-F3B4-447A-A82D-2A3B2CAFF575}.Release|Any CPU.Build.0 = Release|Any CPU
		{172340CF-DDFD-458C-BA2C-6F0C6C59AB35}.Debug|Any CPU.ActiveCfg = Debug|Any CPU
		{172340CF-DDFD-458C-BA2C-6F0C6C59AB35}.Debug|Any CPU.Build.0 = Debug|Any CPU
		{172340CF-DDFD-458C-BA2C-6F0C6C59AB35}.Release|Any CPU.ActiveCfg = Release|Any CPU
		{172340CF-DDFD-458C-BA2C-6F0C6C59AB35}.Release|Any CPU.Build.0 = Release|Any CPU
		{E1A15D87-F9C2-493D-A884-9F6C3C82BC0C}.Debug|Any CPU.ActiveCfg = Debug|Any CPU
		{E1A15D87-F9C2-493D-A884-9F6C3C82BC0C}.Debug|Any CPU.Build.0 = Debug|Any CPU
		{E1A15D87-F9C2-493D-A884-9F6C3C82BC0C}.Release|Any CPU.ActiveCfg = Release|Any CPU
		{E1A15D87-F9C2-493D-A884-9F6C3C82BC0C}.Release|Any CPU.Build.0 = Release|Any CPU
		{FE668FFD-8C21-4289-A442-331A0972DABD}.Debug|Any CPU.ActiveCfg = Debug|Any CPU
		{FE668FFD-8C21-4289-A442-331A0972DABD}.Debug|Any CPU.Build.0 = Debug|Any CPU
		{FE668FFD-8C21-4289-A442-331A0972DABD}.Release|Any CPU.ActiveCfg = Release|Any CPU
		{FE668FFD-8C21-4289-A442-331A0972DABD}.Release|Any CPU.Build.0 = Release|Any CPU
		{F5C74D36-7E09-42A8-8D0F-8204C378D42A}.Debug|Any CPU.ActiveCfg = Debug|Any CPU
		{F5C74D36-7E09-42A8-8D0F-8204C378D42A}.Debug|Any CPU.Build.0 = Debug|Any CPU
		{F5C74D36-7E09-42A8-8D0F-8204C378D42A}.Release|Any CPU.ActiveCfg = Release|Any CPU
		{F5C74D36-7E09-42A8-8D0F-8204C378D42A}.Release|Any CPU.Build.0 = Release|Any CPU
	EndGlobalSection
	GlobalSection(SolutionProperties) = preSolution
		HideSolutionNode = FALSE
	EndGlobalSection
	GlobalSection(ExtensibilityGlobals) = postSolution
		SolutionGuid = {DA0ECE0D-B6CA-4020-B2E9-33F01BD237D9}
	EndGlobalSection
EndGlobal
