
Microsoft Visual Studio Solution File, Format Version 12.00
# Visual Studio Version 17
VisualStudioVersion = 17.11.35312.102
MinimumVisualStudioVersion = 10.0.40219.1
Project("{9A19103F-16F7-4668-BE54-9A1E7A4F7556}") = "BackCochera", "ClassLibrary1\BackCochera.csproj", "{4D4E5840-E9C0-428B-83DE-5BCEE549AC98}"
EndProject
Project("{FAE04EC0-301F-11D3-BF4B-00C04F79EFBC}") = "ApiClientes", "ApiClientes\ApiClientes.csproj", "{470EAECF-F3B4-447A-A82D-2A3B2CAFF575}"
	ProjectSection(ProjectDependencies) = postProject
		{4D4E5840-E9C0-428B-83DE-5BCEE549AC98} = {4D4E5840-E9C0-428B-83DE-5BCEE549AC98}
	EndProjectSection
EndProject
Global
	GlobalSection(SolutionConfigurationPlatforms) = preSolution
		Debug|Any CPU = Debug|Any CPU
		Release|Any CPU = Release|Any CPU
	EndGlobalSection
	GlobalSection(ProjectConfigurationPlatforms) = postSolution
		{4D4E5840-E9C0-428B-83DE-5BCEE549AC98}.Debug|Any CPU.ActiveCfg = Debug|Any CPU
		{4D4E5840-E9C0-428B-83DE-5BCEE549AC98}.Debug|Any CPU.Build.0 = Debug|Any CPU
		{4D4E5840-E9C0-428B-83DE-5BCEE549AC98}.Release|Any CPU.ActiveCfg = Release|Any CPU
		{4D4E5840-E9C0-428B-83DE-5BCEE549AC98}.Release|Any CPU.Build.0 = Release|Any CPU
		{470EAECF-F3B4-447A-A82D-2A3B2CAFF575}.Debug|Any CPU.ActiveCfg = Debug|Any CPU
		{470EAECF-F3B4-447A-A82D-2A3B2CAFF575}.Debug|Any CPU.Build.0 = Debug|Any CPU
		{470EAECF-F3B4-447A-A82D-2A3B2CAFF575}.Release|Any CPU.ActiveCfg = Release|Any CPU
		{470EAECF-F3B4-447A-A82D-2A3B2CAFF575}.Release|Any CPU.Build.0 = Release|Any CPU
	EndGlobalSection
	GlobalSection(SolutionProperties) = preSolution
		HideSolutionNode = FALSE
	EndGlobalSection
	GlobalSection(ExtensibilityGlobals) = postSolution
		SolutionGuid = {DA0ECE0D-B6CA-4020-B2E9-33F01BD237D9}
	EndGlobalSection
EndGlobal
